<?xml version="1.0" encoding="utf-8"?>
<Project ToolsVersion="4.0" xmlns="http://schemas.microsoft.com/developer/msbuild/2003">
  <ItemGroup>
    <ClCompile Include="Database.cpp">
      <Filter>Source Files</Filter>
    </ClCompile>
    <ClCompile Include="Duplicates.cpp">
      <Filter>Source Files</Filter>
    </ClCompile>
    <ClCompile Include="FileIO.cpp">
      <Filter>Source Files</Filter>
    </ClCompile>
    <ClCompile Include="Groups.cpp">
      <Filter>Source Files</Filter>
    </ClCompile>
    <ClCompile Include="LastPass.cpp">
      <Filter>Source Files</Filter>
    </ClCompile>
    <ClCompile Include="LPentry.cpp">
      <Filter>Source Files</Filter>
    </ClCompile>
    <ClCompile Include="MyMenu.cpp">
      <Filter>Source Files</Filter>
    </ClCompile>
    <ClCompile Include="Strings.cpp">
      <Filter>Source Files</Filter>
    </ClCompile>
    <ClCompile Include="TimeParser.cpp">
      <Filter>Source Files</Filter>
    </ClCompile>
    <ClCompile Include="ToString.cpp">
      <Filter>Source Files</Filter>
    </ClCompile>
    <ClCompile Include="Utils.cpp">
      <Filter>Source Files</Filter>
    </ClCompile>
  </ItemGroup>
  <ItemGroup>
    <ClInclude Include="Database.h">
      <Filter>Header Files</Filter>
    </ClInclude>
    <ClInclude Include="Duplicates.h">
      <Filter>Header Files</Filter>
    </ClInclude>
    <ClInclude Include="Expandable.h">
      <Filter>Header Files</Filter>
    </ClInclude>
    <ClInclude Include="FileIO.h">
      <Filter>Header Files</Filter>
    </ClInclude>
    <ClInclude Include="Groups.h">
      <Filter>Header Files</Filter>
    </ClInclude>
    <ClInclude Include="..\KeePassLibCpp\SDK\KpSDK.h">
      <Filter>Header Files</Filter>
    </ClInclude>
    <ClInclude Include="LastPass.h">
      <Filter>Header Files</Filter>
    </ClInclude>
    <ClInclude Include="LPentry.h">
      <Filter>Header Files</Filter>
    </ClInclude>
    <ClInclude Include="MyMenu.h">
      <Filter>Header Files</Filter>
    </ClInclude>
    <ClInclude Include="resource.h">
      <Filter>Header Files</Filter>
    </ClInclude>
    <ClInclude Include="..\KeePassLibCpp\std.h">
      <Filter>Header Files</Filter>
    </ClInclude>
    <ClInclude Include="stdafx.h">
      <Filter>Header Files</Filter>
    </ClInclude>
    <ClInclude Include="Strings.h">
      <Filter>Header Files</Filter>
    </ClInclude>
    <ClInclude Include="TimeParser.h">
      <Filter>Header Files</Filter>
    </ClInclude>
    <ClInclude Include="Today.h">
      <Filter>Header Files</Filter>
    </ClInclude>
    <ClInclude Include="ToString.h">
      <Filter>Header Files</Filter>
    </ClInclude>
    <ClInclude Include="Utils.h">
      <Filter>Header Files</Filter>
    </ClInclude>
  </ItemGroup>
  <ItemGroup>
    <Filter Include="Header Files">
      <UniqueIdentifier>{ca75d628-1aaa-4453-8aee-d40436f94f56}</UniqueIdentifier>
    </Filter>
    <Filter Include="Source Files">
      <UniqueIdentifier>{3a5f555e-0b55-4e16-94d2-e7864dafaab7}</UniqueIdentifier>
    </Filter>
    <Filter Include="Resource Files">
      <UniqueIdentifier>{c14670ec-fb0f-4d00-a653-6c7f41255d90}</UniqueIdentifier>
    </Filter>
  </ItemGroup>
  <ItemGroup>
    <ResourceCompile Include="LastPass.rc">
      <Filter>Resource Files</Filter>
    </ResourceCompile>
  </ItemGroup>
</Project>